PODS:
  - Alamofire (4.9.1)
  - HandyJSON (5.0.2)
  - MJRefresh (3.5.0)
  - SDWebImage (5.9.4):
    - SDWebImage/Core (= 5.9.4)
  - SDWebImage/Core (5.9.4)
  - SnapKit (5.0.1)
  - SwiftyJSON (5.0.0)

DEPENDENCIES:
  - Alamofire (= 4.9.1)
  - HandyJSON
  - MJRefresh
  - SDWebImage
  - SnapKit
  - SwiftyJSON

SPEC REPOS:
  trunk:
    - Alamofire
    - HandyJSON
    - MJRefresh
    - SDWebImage
    - SnapKit
    - SwiftyJSON

SPEC CHECKSUMS:
  Alamofire: 85e8a02c69d6020a0d734f6054870d7ecb75cf18
  HandyJSON: 9e4e236f5d2dbefad5155a77417bbea438201c03
  MJRefresh: 6afc955813966afb08305477dd7a0d9ad5e79a16
  SDWebImage: b69257f4ab14e9b6a2ef53e910fdf914d8f757c1
  SnapKit: 97b92857e3df3a0c71833cce143274bf6ef8e5eb
  SwiftyJSON: 36413e04c44ee145039d332b4f4e2d3e8d6c4db7

PODFILE CHECKSUM: 3965f44d5e22218d024bd2839b5b6e3b660c52e7

COCOAPODS: 1.10.0.rc.1
